
Microsoft Visual Studio Solution File, Format Version 12.00
# Visual Studio Version 17
VisualStudioVersion = 17.7.34024.191
MinimumVisualStudioVersion = 10.0.40219.1
Project("{9A19103F-16F7-4668-BE54-9A1E7A4F7556}") = "Homes.EntryPoint", "Homes.EntryPoint\Homes.EntryPoint.csproj", "{78121203-7583-4230-8D2E-FE28263D0401}"
EndProject
Project("{FAE04EC0-301F-11D3-BF4B-00C04F79EFBC}") = "Homes.BLL", "Homes.BLL\Homes.BLL.csproj", "{241A7710-0766-45B4-98D7-1CE69304C088}"
EndProject
Global
	GlobalSection(SolutionConfigurationPlatforms) = preSolution
		Debug|Any CPU = Debug|Any CPU
		Release|Any CPU = Release|Any CPU
	EndGlobalSection
	GlobalSection(ProjectConfigurationPlatforms) = postSolution
		{78121203-7583-4230-8D2E-FE28263D0401}.Debug|Any CPU.ActiveCfg = Debug|Any CPU
		{78121203-7583-4230-8D2E-FE28263D0401}.Debug|Any CPU.Build.0 = Debug|Any CPU
		{78121203-7583-4230-8D2E-FE28263D0401}.Release|Any CPU.ActiveCfg = Release|Any CPU
		{78121203-7583-4230-8D2E-FE28263D0401}.Release|Any CPU.Build.0 = Release|Any CPU
		{241A7710-0766-45B4-98D7-1CE69304C088}.Debug|Any CPU.ActiveCfg = Debug|Any CPU
		{241A7710-0766-45B4-98D7-1CE69304C088}.Debug|Any CPU.Build.0 = Debug|Any CPU
		{241A7710-0766-45B4-98D7-1CE69304C088}.Release|Any CPU.ActiveCfg = Release|Any CPU
		{241A7710-0766-45B4-98D7-1CE69304C088}.Release|Any CPU.Build.0 = Release|Any CPU
	EndGlobalSection
	GlobalSection(SolutionProperties) = preSolution
		HideSolutionNode = FALSE
	EndGlobalSection
	GlobalSection(ExtensibilityGlobals) = postSolution
		SolutionGuid = {D657E57C-EEAB-400C-A6EE-865B54F31313}
	EndGlobalSection
EndGlobal
